
Microsoft Visual Studio Solution File, Format Version 12.00
# Visual Studio Version 17
VisualStudioVersion = 17.2.32616.157
MinimumVisualStudioVersion = 10.0.40219.1
Project("{9A19103F-16F7-4668-BE54-9A1E7A4F7556}") = "Altairis.TagHelpers", "Altairis.TagHelpers\Altairis.TagHelpers.csproj", "{0A708823-CFFC-45A3-8086-F4B759EEE2D4}"
EndProject
Project("{9A19103F-16F7-4668-BE54-9A1E7A4F7556}") = "Altairis.TagHelpers.DemoApp", "Altairis.TagHelpers.DemoApp\Altairis.TagHelpers.DemoApp.csproj", "{CC2FE983-32E8-4E51-A56C-C81F0897DD72}"
EndProject
Project("{2150E333-8FDC-42A3-9474-1A3956D46DE8}") = "Solution Items", "Solution Items", "{9116EF41-51E6-4FF8-8759-93BCC5515338}"
	ProjectSection(SolutionItems) = preProject
		LICENSE = LICENSE
		NuGet-64x64.png = NuGet-64x64.png
		README.md = README.md
	EndProjectSection
EndProject
Global
	GlobalSection(SolutionConfigurationPlatforms) = preSolution
		Debug|Any CPU = Debug|Any CPU
		Release|Any CPU = Release|Any CPU
	EndGlobalSection
	GlobalSection(ProjectConfigurationPlatforms) = postSolution
		{0A708823-CFFC-45A3-8086-F4B759EEE2D4}.Debug|Any CPU.ActiveCfg = Debug|Any CPU
		{0A708823-CFFC-45A3-8086-F4B759EEE2D4}.Debug|Any CPU.Build.0 = Debug|Any CPU
		{0A708823-CFFC-45A3-8086-F4B759EEE2D4}.Release|Any CPU.ActiveCfg = Release|Any CPU
		{0A708823-CFFC-45A3-8086-F4B759EEE2D4}.Release|Any CPU.Build.0 = Release|Any CPU
		{CC2FE983-32E8-4E51-A56C-C81F0897DD72}.Debug|Any CPU.ActiveCfg = Debug|Any CPU
		{CC2FE983-32E8-4E51-A56C-C81F0897DD72}.Debug|Any CPU.Build.0 = Debug|Any CPU
		{CC2FE983-32E8-4E51-A56C-C81F0897DD72}.Release|Any CPU.ActiveCfg = Release|Any CPU
		{CC2FE983-32E8-4E51-A56C-C81F0897DD72}.Release|Any CPU.Build.0 = Release|Any CPU
	EndGlobalSection
	GlobalSection(SolutionProperties) = preSolution
		HideSolutionNode = FALSE
	EndGlobalSection
	GlobalSection(ExtensibilityGlobals) = postSolution
		SolutionGuid = {A9B8BC4A-8332-4872-A5CC-F42417AE69CA}
	EndGlobalSection
EndGlobal
